
Microsoft Visual Studio Solution File, Format Version 12.00
# Visual Studio 15
VisualStudioVersion = 15.0.28307.852
MinimumVisualStudioVersion = 10.0.40219.1
Project("{FAE04EC0-301F-11D3-BF4B-00C04F79EFBC}") = "InService", "InService\InService.csproj", "{26504EBD-9F97-4435-AEB2-AD7352E92B46}"
EndProject
Global
	GlobalSection(SolutionConfigurationPlatforms) = preSolution
		Debug|Any CPU = Debug|Any CPU
		Release|Any CPU = Release|Any CPU
	EndGlobalSection
	GlobalSection(ProjectConfigurationPlatforms) = postSolution
		{26504EBD-9F97-4435-AEB2-AD7352E92B46}.Debug|Any CPU.ActiveCfg = Debug|Any CPU
		{26504EBD-9F97-4435-AEB2-AD7352E92B46}.Debug|Any CPU.Build.0 = Debug|Any CPU
		{26504EBD-9F97-4435-AEB2-AD7352E92B46}.Release|Any CPU.ActiveCfg = Release|Any CPU
		{26504EBD-9F97-4435-AEB2-AD7352E92B46}.Release|Any CPU.Build.0 = Release|Any CPU
	EndGlobalSection
	GlobalSection(SolutionProperties) = preSolution
		HideSolutionNode = FALSE
	EndGlobalSection
	GlobalSection(ExtensibilityGlobals) = postSolution
		SolutionGuid = {4E11D4BC-367E-4464-9C4A-53B146B86C07}
	EndGlobalSection
EndGlobal
